
Microsoft Visual Studio Solution File, Format Version 12.00
# Visual Studio Version 17
VisualStudioVersion = 17.5.33209.295
MinimumVisualStudioVersion = 10.0.40219.1
Project("{FAE04EC0-301F-11D3-BF4B-00C04F79EFBC}") = "MarkMpn.Sql4Cds.Engine.Tests", "MarkMpn.Sql4Cds.Engine.Tests\MarkMpn.Sql4Cds.Engine.Tests.csproj", "{4448712A-17B8-4D1B-8CEE-6F8CB558FCC1}"
EndProject
Project("{FAE04EC0-301F-11D3-BF4B-00C04F79EFBC}") = "MarkMpn.Sql4Cds", "MarkMpn.Sql4Cds\MarkMpn.Sql4Cds.csproj", "{A7AF5D13-A44E-426D-B3FC-AE390832C7DF}"
	ProjectSection(ProjectDependencies) = postProject
		{8050B824-A28B-4631-8A95-D127859A9216} = {8050B824-A28B-4631-8A95-D127859A9216}
	EndProjectSection
EndProject
Project("{FAE04EC0-301F-11D3-BF4B-00C04F79EFBC}") = "MarkMpn.Sql4Cds.Tests", "MarkMpn.Sql4Cds.Tests\MarkMpn.Sql4Cds.Tests.csproj", "{081AA0FB-A019-430A-B05A-F55CAC7C50FD}"
EndProject
Project("{FAE04EC0-301F-11D3-BF4B-00C04F79EFBC}") = "MarkMpn.Sql4Cds.Engine.FetchXml.Tests", "MarkMpn.Sql4Cds.Engine.FetchXml.Tests\MarkMpn.Sql4Cds.Engine.FetchXml.Tests.csproj", "{69F7D111-3542-4E31-A0F8-E544F9FFA587}"
EndProject
Project("{D954291E-2A0B-460D-934E-DC6B0785DB48}") = "MarkMpn.Sql4Cds.Engine.FetchXml", "MarkMpn.Sql4Cds.Engine\MarkMpn.Sql4Cds.Engine.FetchXml.shproj", "{460A4174-B9EA-413A-AF83-C27C0686E98F}"
EndProject
Project("{FAE04EC0-301F-11D3-BF4B-00C04F79EFBC}") = "MarkMpn.Sql4Cds.Controls", "MarkMpn.Sql4Cds.Controls\MarkMpn.Sql4Cds.Controls.csproj", "{04C2D073-DE54-4628-B876-5965D0B75B6E}"
EndProject
Project("{9A19103F-16F7-4668-BE54-9A1E7A4F7556}") = "MarkMpn.Sql4Cds.LanguageServer", "MarkMpn.Sql4Cds.LanguageServer\MarkMpn.Sql4Cds.LanguageServer.csproj", "{9C594173-A42D-4A2D-AF25-B2346B68C68C}"
EndProject
Project("{D954291E-2A0B-460D-934E-DC6B0785DB48}") = "MarkMpn.Sql4Cds.SSMS", "MarkMpn.Sql4Cds.SSMS\MarkMpn.Sql4Cds.SSMS.shproj", "{73283A07-671D-4BA2-B922-98987F85330B}"
EndProject
Project("{FAE04EC0-301F-11D3-BF4B-00C04F79EFBC}") = "MarkMpn.Sql4Cds.XTB", "MarkMpn.Sql4Cds.XTB\MarkMpn.Sql4Cds.XTB.csproj", "{8050B824-A28B-4631-8A95-D127859A9216}"
EndProject
Project("{FAE04EC0-301F-11D3-BF4B-00C04F79EFBC}") = "MarkMpn.Sql4Cds.SSMS.20", "MarkMpn.Sql4Cds.SSMS.20\MarkMpn.Sql4Cds.SSMS.20.csproj", "{BAF95EC5-ADDF-422A-A40C-CB8F5DA1C445}"
EndProject
Project("{930C7802-8A8C-48F9-8165-68863BCCD9DD}") = "MarkMpn.Sql4Cds.SSMS.20.Setup", "MarkMpn.Sql4Cds.SSMS.20.Setup\MarkMpn.Sql4Cds.SSMS.20.Setup.wixproj", "{FE9EF004-BD77-49DA-85B5-D51DAEB76274}"
EndProject
Project("{2150E333-8FDC-42A3-9474-1A3956D46DE8}") = "DebuggerVisualizer", "DebuggerVisualizer", "{395CF6D2-5DDE-4A42-81A8-B1C4FF20C736}"
EndProject
Project("{9A19103F-16F7-4668-BE54-9A1E7A4F7556}") = "MarkMpn.Sql4Cds.DebugVisualizer.DebuggerSide", "MarkMpn.Sql4Cds.DebugVisualizer.DebuggerSide\MarkMpn.Sql4Cds.DebugVisualizer.DebuggerSide.csproj", "{17EE9908-59A4-4E81-85DD-2144B3BB4441}"
	ProjectSection(ProjectDependencies) = postProject
		{65FD7411-5B94-443B-A4C3-A66082E0B0AE} = {65FD7411-5B94-443B-A4C3-A66082E0B0AE}
	EndProjectSection
EndProject
Project("{9A19103F-16F7-4668-BE54-9A1E7A4F7556}") = "MarkMpn.Sql4Cds.DebugVisualizer.DebugeeSide", "MarkMpn.Sql4Cds.DebugVisualizer.DebugeeSide\MarkMpn.Sql4Cds.DebugVisualizer.DebugeeSide.csproj", "{65FD7411-5B94-443B-A4C3-A66082E0B0AE}"
EndProject
Project("{9A19103F-16F7-4668-BE54-9A1E7A4F7556}") = "MarkMpn.Sql4Cds.Export", "MarkMpn.Sql4Cds.Export\MarkMpn.Sql4Cds.Export.csproj", "{920BAC0A-847B-467B-ADAA-674DF59209F2}"
EndProject
Project("{9A19103F-16F7-4668-BE54-9A1E7A4F7556}") = "MarkMpn.Sql4Cds.Engine", "MarkMpn.Sql4Cds.Engine\MarkMpn.Sql4Cds.Engine.csproj", "{C77B731D-E55C-4197-B96C-2B23EB9F56EF}"
EndProject
Project("{FAE04EC0-301F-11D3-BF4B-00C04F79EFBC}") = "MarkMpn.Sql4Cds.SSMS.21", "MarkMpn.Sql4Cds.SSMS.21\MarkMpn.Sql4Cds.SSMS.21.csproj", "{01705E0A-F3CC-403B-A2C8-73C7D42CA44A}"
EndProject
Global
	GlobalSection(SolutionConfigurationPlatforms) = preSolution
		Debug|Any CPU = Debug|Any CPU
		Debug|arm64 = Debug|arm64
		Debug|x64 = Debug|x64
		Debug|x86 = Debug|x86
		Release|Any CPU = Release|Any CPU
		Release|arm64 = Release|arm64
		Release|x64 = Release|x64
		Release|x86 = Release|x86
	EndGlobalSection
	GlobalSection(ProjectConfigurationPlatforms) = postSolution
		{4448712A-17B8-4D1B-8CEE-6F8CB558FCC1}.Debug|Any CPU.ActiveCfg = Debug|Any CPU
		{4448712A-17B8-4D1B-8CEE-6F8CB558FCC1}.Debug|Any CPU.Build.0 = Debug|Any CPU
		{4448712A-17B8-4D1B-8CEE-6F8CB558FCC1}.Debug|arm64.ActiveCfg = Debug|Any CPU
		{4448712A-17B8-4D1B-8CEE-6F8CB558FCC1}.Debug|arm64.Build.0 = Debug|Any CPU
		{4448712A-17B8-4D1B-8CEE-6F8CB558FCC1}.Debug|x64.ActiveCfg = Debug|Any CPU
		{4448712A-17B8-4D1B-8CEE-6F8CB558FCC1}.Debug|x64.Build.0 = Debug|Any CPU
		{4448712A-17B8-4D1B-8CEE-6F8CB558FCC1}.Debug|x86.ActiveCfg = Debug|Any CPU
		{4448712A-17B8-4D1B-8CEE-6F8CB558FCC1}.Debug|x86.Build.0 = Debug|Any CPU
		{4448712A-17B8-4D1B-8CEE-6F8CB558FCC1}.Release|Any CPU.ActiveCfg = Release|Any CPU
		{4448712A-17B8-4D1B-8CEE-6F8CB558FCC1}.Release|Any CPU.Build.0 = Release|Any CPU
		{4448712A-17B8-4D1B-8CEE-6F8CB558FCC1}.Release|arm64.ActiveCfg = Release|Any CPU
		{4448712A-17B8-4D1B-8CEE-6F8CB558FCC1}.Release|arm64.Build.0 = Release|Any CPU
		{4448712A-17B8-4D1B-8CEE-6F8CB558FCC1}.Release|x64.ActiveCfg = Release|Any CPU
		{4448712A-17B8-4D1B-8CEE-6F8CB558FCC1}.Release|x64.Build.0 = Release|Any CPU
		{4448712A-17B8-4D1B-8CEE-6F8CB558FCC1}.Release|x86.ActiveCfg = Release|Any CPU
		{4448712A-17B8-4D1B-8CEE-6F8CB558FCC1}.Release|x86.Build.0 = Release|Any CPU
		{A7AF5D13-A44E-426D-B3FC-AE390832C7DF}.Debug|Any CPU.ActiveCfg = Debug|Any CPU
		{A7AF5D13-A44E-426D-B3FC-AE390832C7DF}.Debug|Any CPU.Build.0 = Debug|Any CPU
		{A7AF5D13-A44E-426D-B3FC-AE390832C7DF}.Debug|arm64.ActiveCfg = Debug|Any CPU
		{A7AF5D13-A44E-426D-B3FC-AE390832C7DF}.Debug|arm64.Build.0 = Debug|Any CPU
		{A7AF5D13-A44E-426D-B3FC-AE390832C7DF}.Debug|x64.ActiveCfg = Debug|Any CPU
		{A7AF5D13-A44E-426D-B3FC-AE390832C7DF}.Debug|x64.Build.0 = Debug|Any CPU
		{A7AF5D13-A44E-426D-B3FC-AE390832C7DF}.Debug|x86.ActiveCfg = Debug|Any CPU
		{A7AF5D13-A44E-426D-B3FC-AE390832C7DF}.Debug|x86.Build.0 = Debug|Any CPU
		{A7AF5D13-A44E-426D-B3FC-AE390832C7DF}.Release|Any CPU.ActiveCfg = Release|Any CPU
		{A7AF5D13-A44E-426D-B3FC-AE390832C7DF}.Release|Any CPU.Build.0 = Release|Any CPU
		{A7AF5D13-A44E-426D-B3FC-AE390832C7DF}.Release|arm64.ActiveCfg = Release|Any CPU
		{A7AF5D13-A44E-426D-B3FC-AE390832C7DF}.Release|arm64.Build.0 = Release|Any CPU
		{A7AF5D13-A44E-426D-B3FC-AE390832C7DF}.Release|x64.ActiveCfg = Release|Any CPU
		{A7AF5D13-A44E-426D-B3FC-AE390832C7DF}.Release|x64.Build.0 = Release|Any CPU
		{A7AF5D13-A44E-426D-B3FC-AE390832C7DF}.Release|x86.ActiveCfg = Release|Any CPU
		{A7AF5D13-A44E-426D-B3FC-AE390832C7DF}.Release|x86.Build.0 = Release|Any CPU
		{081AA0FB-A019-430A-B05A-F55CAC7C50FD}.Debug|Any CPU.ActiveCfg = Debug|Any CPU
		{081AA0FB-A019-430A-B05A-F55CAC7C50FD}.Debug|Any CPU.Build.0 = Debug|Any CPU
		{081AA0FB-A019-430A-B05A-F55CAC7C50FD}.Debug|arm64.ActiveCfg = Debug|Any CPU
		{081AA0FB-A019-430A-B05A-F55CAC7C50FD}.Debug|arm64.Build.0 = Debug|Any CPU
		{081AA0FB-A019-430A-B05A-F55CAC7C50FD}.Debug|x64.ActiveCfg = Debug|Any CPU
		{081AA0FB-A019-430A-B05A-F55CAC7C50FD}.Debug|x64.Build.0 = Debug|Any CPU
		{081AA0FB-A019-430A-B05A-F55CAC7C50FD}.Debug|x86.ActiveCfg = Debug|Any CPU
		{081AA0FB-A019-430A-B05A-F55CAC7C50FD}.Debug|x86.Build.0 = Debug|Any CPU
		{081AA0FB-A019-430A-B05A-F55CAC7C50FD}.Release|Any CPU.ActiveCfg = Release|Any CPU
		{081AA0FB-A019-430A-B05A-F55CAC7C50FD}.Release|Any CPU.Build.0 = Release|Any CPU
		{081AA0FB-A019-430A-B05A-F55CAC7C50FD}.Release|arm64.ActiveCfg = Release|Any CPU
		{081AA0FB-A019-430A-B05A-F55CAC7C50FD}.Release|arm64.Build.0 = Release|Any CPU
		{081AA0FB-A019-430A-B05A-F55CAC7C50FD}.Release|x64.ActiveCfg = Release|Any CPU
		{081AA0FB-A019-430A-B05A-F55CAC7C50FD}.Release|x64.Build.0 = Release|Any CPU
		{081AA0FB-A019-430A-B05A-F55CAC7C50FD}.Release|x86.ActiveCfg = Release|Any CPU
		{081AA0FB-A019-430A-B05A-F55CAC7C50FD}.Release|x86.Build.0 = Release|Any CPU
		{69F7D111-3542-4E31-A0F8-E544F9FFA587}.Debug|Any CPU.ActiveCfg = Debug|Any CPU
		{69F7D111-3542-4E31-A0F8-E544F9FFA587}.Debug|Any CPU.Build.0 = Debug|Any CPU
		{69F7D111-3542-4E31-A0F8-E544F9FFA587}.Debug|arm64.ActiveCfg = Debug|Any CPU
		{69F7D111-3542-4E31-A0F8-E544F9FFA587}.Debug|arm64.Build.0 = Debug|Any CPU
		{69F7D111-3542-4E31-A0F8-E544F9FFA587}.Debug|x64.ActiveCfg = Debug|Any CPU
		{69F7D111-3542-4E31-A0F8-E544F9FFA587}.Debug|x64.Build.0 = Debug|Any CPU
		{69F7D111-3542-4E31-A0F8-E544F9FFA587}.Debug|x86.ActiveCfg = Debug|Any CPU
		{69F7D111-3542-4E31-A0F8-E544F9FFA587}.Debug|x86.Build.0 = Debug|Any CPU
		{69F7D111-3542-4E31-A0F8-E544F9FFA587}.Release|Any CPU.ActiveCfg = Release|Any CPU
		{69F7D111-3542-4E31-A0F8-E544F9FFA587}.Release|Any CPU.Build.0 = Release|Any CPU
		{69F7D111-3542-4E31-A0F8-E544F9FFA587}.Release|arm64.ActiveCfg = Release|Any CPU
		{69F7D111-3542-4E31-A0F8-E544F9FFA587}.Release|arm64.Build.0 = Release|Any CPU
		{69F7D111-3542-4E31-A0F8-E544F9FFA587}.Release|x64.ActiveCfg = Release|Any CPU
		{69F7D111-3542-4E31-A0F8-E544F9FFA587}.Release|x64.Build.0 = Release|Any CPU
		{69F7D111-3542-4E31-A0F8-E544F9FFA587}.Release|x86.ActiveCfg = Release|Any CPU
		{69F7D111-3542-4E31-A0F8-E544F9FFA587}.Release|x86.Build.0 = Release|Any CPU
		{04C2D073-DE54-4628-B876-5965D0B75B6E}.Debug|Any CPU.ActiveCfg = Debug|Any CPU
		{04C2D073-DE54-4628-B876-5965D0B75B6E}.Debug|Any CPU.Build.0 = Debug|Any CPU
		{04C2D073-DE54-4628-B876-5965D0B75B6E}.Debug|arm64.ActiveCfg = Debug|Any CPU
		{04C2D073-DE54-4628-B876-5965D0B75B6E}.Debug|arm64.Build.0 = Debug|Any CPU
		{04C2D073-DE54-4628-B876-5965D0B75B6E}.Debug|x64.ActiveCfg = Debug|Any CPU
		{04C2D073-DE54-4628-B876-5965D0B75B6E}.Debug|x64.Build.0 = Debug|Any CPU
		{04C2D073-DE54-4628-B876-5965D0B75B6E}.Debug|x86.ActiveCfg = Debug|Any CPU
		{04C2D073-DE54-4628-B876-5965D0B75B6E}.Debug|x86.Build.0 = Debug|Any CPU
		{04C2D073-DE54-4628-B876-5965D0B75B6E}.Release|Any CPU.ActiveCfg = Release|Any CPU
		{04C2D073-DE54-4628-B876-5965D0B75B6E}.Release|Any CPU.Build.0 = Release|Any CPU
		{04C2D073-DE54-4628-B876-5965D0B75B6E}.Release|arm64.ActiveCfg = Release|Any CPU
		{04C2D073-DE54-4628-B876-5965D0B75B6E}.Release|arm64.Build.0 = Release|Any CPU
		{04C2D073-DE54-4628-B876-5965D0B75B6E}.Release|x64.ActiveCfg = Release|Any CPU
		{04C2D073-DE54-4628-B876-5965D0B75B6E}.Release|x64.Build.0 = Release|Any CPU
		{04C2D073-DE54-4628-B876-5965D0B75B6E}.Release|x86.ActiveCfg = Release|Any CPU
		{04C2D073-DE54-4628-B876-5965D0B75B6E}.Release|x86.Build.0 = Release|Any CPU
		{9C594173-A42D-4A2D-AF25-B2346B68C68C}.Debug|Any CPU.ActiveCfg = Debug|Any CPU
		{9C594173-A42D-4A2D-AF25-B2346B68C68C}.Debug|Any CPU.Build.0 = Debug|Any CPU
		{9C594173-A42D-4A2D-AF25-B2346B68C68C}.Debug|arm64.ActiveCfg = Debug|Any CPU
		{9C594173-A42D-4A2D-AF25-B2346B68C68C}.Debug|arm64.Build.0 = Debug|Any CPU
		{9C594173-A42D-4A2D-AF25-B2346B68C68C}.Debug|x64.ActiveCfg = Debug|Any CPU
		{9C594173-A42D-4A2D-AF25-B2346B68C68C}.Debug|x64.Build.0 = Debug|Any CPU
		{9C594173-A42D-4A2D-AF25-B2346B68C68C}.Debug|x86.ActiveCfg = Debug|Any CPU
		{9C594173-A42D-4A2D-AF25-B2346B68C68C}.Debug|x86.Build.0 = Debug|Any CPU
		{9C594173-A42D-4A2D-AF25-B2346B68C68C}.Release|Any CPU.ActiveCfg = Release|Any CPU
		{9C594173-A42D-4A2D-AF25-B2346B68C68C}.Release|Any CPU.Build.0 = Release|Any CPU
		{9C594173-A42D-4A2D-AF25-B2346B68C68C}.Release|arm64.ActiveCfg = Release|Any CPU
		{9C594173-A42D-4A2D-AF25-B2346B68C68C}.Release|arm64.Build.0 = Release|Any CPU
		{9C594173-A42D-4A2D-AF25-B2346B68C68C}.Release|x64.ActiveCfg = Release|Any CPU
		{9C594173-A42D-4A2D-AF25-B2346B68C68C}.Release|x64.Build.0 = Release|Any CPU
		{9C594173-A42D-4A2D-AF25-B2346B68C68C}.Release|x86.ActiveCfg = Release|Any CPU
		{9C594173-A42D-4A2D-AF25-B2346B68C68C}.Release|x86.Build.0 = Release|Any CPU
		{8050B824-A28B-4631-8A95-D127859A9216}.Debug|Any CPU.ActiveCfg = Debug|Any CPU
		{8050B824-A28B-4631-8A95-D127859A9216}.Debug|Any CPU.Build.0 = Debug|Any CPU
		{8050B824-A28B-4631-8A95-D127859A9216}.Debug|arm64.ActiveCfg = Debug|Any CPU
		{8050B824-A28B-4631-8A95-D127859A9216}.Debug|arm64.Build.0 = Debug|Any CPU
		{8050B824-A28B-4631-8A95-D127859A9216}.Debug|x64.ActiveCfg = Debug|Any CPU
		{8050B824-A28B-4631-8A95-D127859A9216}.Debug|x64.Build.0 = Debug|Any CPU
		{8050B824-A28B-4631-8A95-D127859A9216}.Debug|x86.ActiveCfg = Debug|Any CPU
		{8050B824-A28B-4631-8A95-D127859A9216}.Debug|x86.Build.0 = Debug|Any CPU
		{8050B824-A28B-4631-8A95-D127859A9216}.Release|Any CPU.ActiveCfg = Release|Any CPU
		{8050B824-A28B-4631-8A95-D127859A9216}.Release|Any CPU.Build.0 = Release|Any CPU
		{8050B824-A28B-4631-8A95-D127859A9216}.Release|arm64.ActiveCfg = Release|Any CPU
		{8050B824-A28B-4631-8A95-D127859A9216}.Release|arm64.Build.0 = Release|Any CPU
		{8050B824-A28B-4631-8A95-D127859A9216}.Release|x64.ActiveCfg = Release|Any CPU
		{8050B824-A28B-4631-8A95-D127859A9216}.Release|x64.Build.0 = Release|Any CPU
		{8050B824-A28B-4631-8A95-D127859A9216}.Release|x86.ActiveCfg = Release|Any CPU
		{8050B824-A28B-4631-8A95-D127859A9216}.Release|x86.Build.0 = Release|Any CPU
		{BAF95EC5-ADDF-422A-A40C-CB8F5DA1C445}.Debug|Any CPU.ActiveCfg = Debug|Any CPU
		{BAF95EC5-ADDF-422A-A40C-CB8F5DA1C445}.Debug|arm64.ActiveCfg = Debug|arm64
		{BAF95EC5-ADDF-422A-A40C-CB8F5DA1C445}.Debug|arm64.Build.0 = Debug|arm64
		{BAF95EC5-ADDF-422A-A40C-CB8F5DA1C445}.Debug|x64.ActiveCfg = Debug|Any CPU
		{BAF95EC5-ADDF-422A-A40C-CB8F5DA1C445}.Debug|x64.Build.0 = Debug|Any CPU
		{BAF95EC5-ADDF-422A-A40C-CB8F5DA1C445}.Debug|x86.ActiveCfg = Debug|x86
		{BAF95EC5-ADDF-422A-A40C-CB8F5DA1C445}.Debug|x86.Build.0 = Debug|x86
		{BAF95EC5-ADDF-422A-A40C-CB8F5DA1C445}.Release|Any CPU.ActiveCfg = Release|Any CPU
		{BAF95EC5-ADDF-422A-A40C-CB8F5DA1C445}.Release|Any CPU.Build.0 = Release|Any CPU
		{BAF95EC5-ADDF-422A-A40C-CB8F5DA1C445}.Release|arm64.ActiveCfg = Release|arm64
		{BAF95EC5-ADDF-422A-A40C-CB8F5DA1C445}.Release|arm64.Build.0 = Release|arm64
		{BAF95EC5-ADDF-422A-A40C-CB8F5DA1C445}.Release|x64.ActiveCfg = Release|Any CPU
		{BAF95EC5-ADDF-422A-A40C-CB8F5DA1C445}.Release|x64.Build.0 = Release|Any CPU
		{BAF95EC5-ADDF-422A-A40C-CB8F5DA1C445}.Release|x86.ActiveCfg = Release|Any CPU
		{BAF95EC5-ADDF-422A-A40C-CB8F5DA1C445}.Release|x86.Build.0 = Release|Any CPU
		{FE9EF004-BD77-49DA-85B5-D51DAEB76274}.Debug|Any CPU.ActiveCfg = Debug|x86
		{FE9EF004-BD77-49DA-85B5-D51DAEB76274}.Debug|arm64.ActiveCfg = Debug|x86
		{FE9EF004-BD77-49DA-85B5-D51DAEB76274}.Debug|arm64.Build.0 = Debug|x86
		{FE9EF004-BD77-49DA-85B5-D51DAEB76274}.Debug|x64.ActiveCfg = Debug|x86
		{FE9EF004-BD77-49DA-85B5-D51DAEB76274}.Debug|x64.Build.0 = Debug|x86
		{FE9EF004-BD77-49DA-85B5-D51DAEB76274}.Debug|x86.ActiveCfg = Debug|x86
		{FE9EF004-BD77-49DA-85B5-D51DAEB76274}.Debug|x86.Build.0 = Debug|x86
		{FE9EF004-BD77-49DA-85B5-D51DAEB76274}.Release|Any CPU.ActiveCfg = Release|x86
		{FE9EF004-BD77-49DA-85B5-D51DAEB76274}.Release|Any CPU.Build.0 = Release|x86
		{FE9EF004-BD77-49DA-85B5-D51DAEB76274}.Release|arm64.ActiveCfg = Release|x86
		{FE9EF004-BD77-49DA-85B5-D51DAEB76274}.Release|arm64.Build.0 = Release|x86
		{FE9EF004-BD77-49DA-85B5-D51DAEB76274}.Release|x64.ActiveCfg = Release|x86
		{FE9EF004-BD77-49DA-85B5-D51DAEB76274}.Release|x64.Build.0 = Release|x86
		{FE9EF004-BD77-49DA-85B5-D51DAEB76274}.Release|x86.ActiveCfg = Release|x86
		{FE9EF004-BD77-49DA-85B5-D51DAEB76274}.Release|x86.Build.0 = Release|x86
		{17EE9908-59A4-4E81-85DD-2144B3BB4441}.Debug|Any CPU.ActiveCfg = Debug|Any CPU
		{17EE9908-59A4-4E81-85DD-2144B3BB4441}.Debug|Any CPU.Build.0 = Debug|Any CPU
		{17EE9908-59A4-4E81-85DD-2144B3BB4441}.Debug|arm64.ActiveCfg = Debug|Any CPU
		{17EE9908-59A4-4E81-85DD-2144B3BB4441}.Debug|arm64.Build.0 = Debug|Any CPU
		{17EE9908-59A4-4E81-85DD-2144B3BB4441}.Debug|x64.ActiveCfg = Debug|Any CPU
		{17EE9908-59A4-4E81-85DD-2144B3BB4441}.Debug|x64.Build.0 = Debug|Any CPU
		{17EE9908-59A4-4E81-85DD-2144B3BB4441}.Debug|x64.Deploy.0 = Debug|Any CPU
		{17EE9908-59A4-4E81-85DD-2144B3BB4441}.Debug|x86.ActiveCfg = Debug|Any CPU
		{17EE9908-59A4-4E81-85DD-2144B3BB4441}.Debug|x86.Build.0 = Debug|Any CPU
		{17EE9908-59A4-4E81-85DD-2144B3BB4441}.Release|Any CPU.ActiveCfg = Release|Any CPU
		{17EE9908-59A4-4E81-85DD-2144B3BB4441}.Release|Any CPU.Build.0 = Release|Any CPU
		{17EE9908-59A4-4E81-85DD-2144B3BB4441}.Release|arm64.ActiveCfg = Release|Any CPU
		{17EE9908-59A4-4E81-85DD-2144B3BB4441}.Release|arm64.Build.0 = Release|Any CPU
		{17EE9908-59A4-4E81-85DD-2144B3BB4441}.Release|x64.ActiveCfg = Release|Any CPU
		{17EE9908-59A4-4E81-85DD-2144B3BB4441}.Release|x64.Build.0 = Release|Any CPU
		{17EE9908-59A4-4E81-85DD-2144B3BB4441}.Release|x64.Deploy.0 = Release|Any CPU
		{17EE9908-59A4-4E81-85DD-2144B3BB4441}.Release|x86.ActiveCfg = Release|Any CPU
		{17EE9908-59A4-4E81-85DD-2144B3BB4441}.Release|x86.Build.0 = Release|Any CPU
		{65FD7411-5B94-443B-A4C3-A66082E0B0AE}.Debug|Any CPU.ActiveCfg = Debug|Any CPU
		{65FD7411-5B94-443B-A4C3-A66082E0B0AE}.Debug|Any CPU.Build.0 = Debug|Any CPU
		{65FD7411-5B94-443B-A4C3-A66082E0B0AE}.Debug|arm64.ActiveCfg = Debug|Any CPU
		{65FD7411-5B94-443B-A4C3-A66082E0B0AE}.Debug|arm64.Build.0 = Debug|Any CPU
		{65FD7411-5B94-443B-A4C3-A66082E0B0AE}.Debug|x64.ActiveCfg = Debug|Any CPU
		{65FD7411-5B94-443B-A4C3-A66082E0B0AE}.Debug|x64.Build.0 = Debug|Any CPU
		{65FD7411-5B94-443B-A4C3-A66082E0B0AE}.Debug|x86.ActiveCfg = Debug|Any CPU
		{65FD7411-5B94-443B-A4C3-A66082E0B0AE}.Debug|x86.Build.0 = Debug|Any CPU
		{65FD7411-5B94-443B-A4C3-A66082E0B0AE}.Release|Any CPU.ActiveCfg = Release|Any CPU
		{65FD7411-5B94-443B-A4C3-A66082E0B0AE}.Release|Any CPU.Build.0 = Release|Any CPU
		{65FD7411-5B94-443B-A4C3-A66082E0B0AE}.Release|arm64.ActiveCfg = Release|Any CPU
		{65FD7411-5B94-443B-A4C3-A66082E0B0AE}.Release|arm64.Build.0 = Release|Any CPU
		{65FD7411-5B94-443B-A4C3-A66082E0B0AE}.Release|x64.ActiveCfg = Release|Any CPU
		{65FD7411-5B94-443B-A4C3-A66082E0B0AE}.Release|x64.Build.0 = Release|Any CPU
		{65FD7411-5B94-443B-A4C3-A66082E0B0AE}.Release|x86.ActiveCfg = Release|Any CPU
		{65FD7411-5B94-443B-A4C3-A66082E0B0AE}.Release|x86.Build.0 = Release|Any CPU
		{920BAC0A-847B-467B-ADAA-674DF59209F2}.Debug|Any CPU.ActiveCfg = Debug|Any CPU
		{920BAC0A-847B-467B-ADAA-674DF59209F2}.Debug|Any CPU.Build.0 = Debug|Any CPU
		{920BAC0A-847B-467B-ADAA-674DF59209F2}.Debug|arm64.ActiveCfg = Debug|Any CPU
		{920BAC0A-847B-467B-ADAA-674DF59209F2}.Debug|arm64.Build.0 = Debug|Any CPU
		{920BAC0A-847B-467B-ADAA-674DF59209F2}.Debug|x64.ActiveCfg = Debug|Any CPU
		{920BAC0A-847B-467B-ADAA-674DF59209F2}.Debug|x64.Build.0 = Debug|Any CPU
		{920BAC0A-847B-467B-ADAA-674DF59209F2}.Debug|x86.ActiveCfg = Debug|Any CPU
		{920BAC0A-847B-467B-ADAA-674DF59209F2}.Debug|x86.Build.0 = Debug|Any CPU
		{920BAC0A-847B-467B-ADAA-674DF59209F2}.Release|Any CPU.ActiveCfg = Release|Any CPU
		{920BAC0A-847B-467B-ADAA-674DF59209F2}.Release|Any CPU.Build.0 = Release|Any CPU
		{920BAC0A-847B-467B-ADAA-674DF59209F2}.Release|arm64.ActiveCfg = Release|Any CPU
		{920BAC0A-847B-467B-ADAA-674DF59209F2}.Release|arm64.Build.0 = Release|Any CPU
		{920BAC0A-847B-467B-ADAA-674DF59209F2}.Release|x64.ActiveCfg = Release|Any CPU
		{920BAC0A-847B-467B-ADAA-674DF59209F2}.Release|x64.Build.0 = Release|Any CPU
		{920BAC0A-847B-467B-ADAA-674DF59209F2}.Release|x86.ActiveCfg = Release|Any CPU
		{920BAC0A-847B-467B-ADAA-674DF59209F2}.Release|x86.Build.0 = Release|Any CPU
		{C77B731D-E55C-4197-B96C-2B23EB9F56EF}.Debug|Any CPU.ActiveCfg = Debug|Any CPU
		{C77B731D-E55C-4197-B96C-2B23EB9F56EF}.Debug|Any CPU.Build.0 = Debug|Any CPU
		{C77B731D-E55C-4197-B96C-2B23EB9F56EF}.Debug|arm64.ActiveCfg = Debug|Any CPU
		{C77B731D-E55C-4197-B96C-2B23EB9F56EF}.Debug|arm64.Build.0 = Debug|Any CPU
		{C77B731D-E55C-4197-B96C-2B23EB9F56EF}.Debug|x64.ActiveCfg = Debug|Any CPU
		{C77B731D-E55C-4197-B96C-2B23EB9F56EF}.Debug|x64.Build.0 = Debug|Any CPU
		{C77B731D-E55C-4197-B96C-2B23EB9F56EF}.Debug|x86.ActiveCfg = Debug|Any CPU
		{C77B731D-E55C-4197-B96C-2B23EB9F56EF}.Debug|x86.Build.0 = Debug|Any CPU
		{C77B731D-E55C-4197-B96C-2B23EB9F56EF}.Release|Any CPU.ActiveCfg = Release|Any CPU
		{C77B731D-E55C-4197-B96C-2B23EB9F56EF}.Release|Any CPU.Build.0 = Release|Any CPU
		{C77B731D-E55C-4197-B96C-2B23EB9F56EF}.Release|arm64.ActiveCfg = Release|Any CPU
		{C77B731D-E55C-4197-B96C-2B23EB9F56EF}.Release|arm64.Build.0 = Release|Any CPU
		{C77B731D-E55C-4197-B96C-2B23EB9F56EF}.Release|x64.ActiveCfg = Release|Any CPU
		{C77B731D-E55C-4197-B96C-2B23EB9F56EF}.Release|x64.Build.0 = Release|Any CPU
		{C77B731D-E55C-4197-B96C-2B23EB9F56EF}.Release|x86.ActiveCfg = Release|Any CPU
		{C77B731D-E55C-4197-B96C-2B23EB9F56EF}.Release|x86.Build.0 = Release|Any CPU
		{01705E0A-F3CC-403B-A2C8-73C7D42CA44A}.Debug|Any CPU.ActiveCfg = Debug|Any CPU
		{01705E0A-F3CC-403B-A2C8-73C7D42CA44A}.Debug|arm64.ActiveCfg = Debug|arm64
		{01705E0A-F3CC-403B-A2C8-73C7D42CA44A}.Debug|arm64.Build.0 = Debug|arm64
		{01705E0A-F3CC-403B-A2C8-73C7D42CA44A}.Debug|x64.ActiveCfg = Debug|Any CPU
		{01705E0A-F3CC-403B-A2C8-73C7D42CA44A}.Debug|x64.Build.0 = Debug|Any CPU
		{01705E0A-F3CC-403B-A2C8-73C7D42CA44A}.Debug|x86.ActiveCfg = Debug|x86
		{01705E0A-F3CC-403B-A2C8-73C7D42CA44A}.Debug|x86.Build.0 = Debug|x86
		{01705E0A-F3CC-403B-A2C8-73C7D42CA44A}.Release|Any CPU.ActiveCfg = Release|Any CPU
		{01705E0A-F3CC-403B-A2C8-73C7D42CA44A}.Release|Any CPU.Build.0 = Release|Any CPU
		{01705E0A-F3CC-403B-A2C8-73C7D42CA44A}.Release|arm64.ActiveCfg = Release|arm64
		{01705E0A-F3CC-403B-A2C8-73C7D42CA44A}.Release|arm64.Build.0 = Release|arm64
		{01705E0A-F3CC-403B-A2C8-73C7D42CA44A}.Release|x64.ActiveCfg = Release|Any CPU
		{01705E0A-F3CC-403B-A2C8-73C7D42CA44A}.Release|x64.Build.0 = Release|Any CPU
		{01705E0A-F3CC-403B-A2C8-73C7D42CA44A}.Release|x86.ActiveCfg = Release|x86
		{01705E0A-F3CC-403B-A2C8-73C7D42CA44A}.Release|x86.Build.0 = Release|x86
	EndGlobalSection
	GlobalSection(SolutionProperties) = preSolution
		HideSolutionNode = FALSE
	EndGlobalSection
	GlobalSection(NestedProjects) = preSolution
		{17EE9908-59A4-4E81-85DD-2144B3BB4441} = {395CF6D2-5DDE-4A42-81A8-B1C4FF20C736}
		{65FD7411-5B94-443B-A4C3-A66082E0B0AE} = {395CF6D2-5DDE-4A42-81A8-B1C4FF20C736}
	EndGlobalSection
	GlobalSection(ExtensibilityGlobals) = postSolution
		SolutionGuid = {5E960561-7FE2-4022-964B-57E990767108}
	EndGlobalSection
	GlobalSection(SharedMSBuildProjectFiles) = preSolution
		MarkMpn.Sql4Cds.SSMS\MarkMpn.Sql4Cds.SSMS.projitems*{01705e0a-f3cc-403b-a2c8-73c7d42ca44a}*SharedItemsImports = 4
		MarkMpn.Sql4Cds.Engine\MarkMpn.Sql4Cds.Engine.FetchXml.projitems*{460a4174-b9ea-413a-af83-c27c0686e98f}*SharedItemsImports = 13
		MarkMpn.Sql4Cds.Engine\MarkMpn.Sql4Cds.Engine.FetchXml.projitems*{69f7d111-3542-4e31-a0f8-e544f9ffa587}*SharedItemsImports = 4
		MarkMpn.Sql4Cds.SSMS\MarkMpn.Sql4Cds.SSMS.projitems*{73283a07-671d-4ba2-b922-98987f85330b}*SharedItemsImports = 13
		MarkMpn.Sql4Cds.SSMS\MarkMpn.Sql4Cds.SSMS.projitems*{baf95ec5-addf-422a-a40c-cb8f5da1c445}*SharedItemsImports = 4
	EndGlobalSection
EndGlobal
